
Microsoft Visual Studio Solution File, Format Version 11.00
# Visual Studio 2010
Project("{FAE04EC0-301F-11D3-BF4B-00C04F79EFBC}") = "SAPINTWCF", "SAPINTWCF\SAPINTWCF.csproj", "{D4879E03-E70E-43EF-A937-05A75376AA97}"
EndProject
Project("{FAE04EC0-301F-11D3-BF4B-00C04F79EFBC}") = "SAPINT", "..\SAPINT\SAPINT.csproj", "{C3C95D26-598B-46BE-99C8-58740E4A12E1}"
EndProject
Global
	GlobalSection(SolutionConfigurationPlatforms) = preSolution
		Debug|Any CPU = Debug|Any CPU
		Debug|Mixed Platforms = Debug|Mixed Platforms
		Debug|x86 = Debug|x86
		Release|Any CPU = Release|Any CPU
		Release|Mixed Platforms = Release|Mixed Platforms
		Release|x86 = Release|x86
	EndGlobalSection
	GlobalSection(ProjectConfigurationPlatforms) = postSolution
		{D4879E03-E70E-43EF-A937-05A75376AA97}.Debug|Any CPU.ActiveCfg = Debug|Any CPU
		{D4879E03-E70E-43EF-A937-05A75376AA97}.Debug|Any CPU.Build.0 = Debug|Any CPU
		{D4879E03-E70E-43EF-A937-05A75376AA97}.Debug|Mixed Platforms.ActiveCfg = Debug|Any CPU
		{D4879E03-E70E-43EF-A937-05A75376AA97}.Debug|Mixed Platforms.Build.0 = Debug|Any CPU
		{D4879E03-E70E-43EF-A937-05A75376AA97}.Debug|x86.ActiveCfg = Debug|Any CPU
		{D4879E03-E70E-43EF-A937-05A75376AA97}.Release|Any CPU.ActiveCfg = Release|Any CPU
		{D4879E03-E70E-43EF-A937-05A75376AA97}.Release|Any CPU.Build.0 = Release|Any CPU
		{D4879E03-E70E-43EF-A937-05A75376AA97}.Release|Mixed Platforms.ActiveCfg = Release|Any CPU
		{D4879E03-E70E-43EF-A937-05A75376AA97}.Release|Mixed Platforms.Build.0 = Release|Any CPU
		{D4879E03-E70E-43EF-A937-05A75376AA97}.Release|x86.ActiveCfg = Release|Any CPU
		{C3C95D26-598B-46BE-99C8-58740E4A12E1}.Debug|Any CPU.ActiveCfg = Debug|Any CPU
		{C3C95D26-598B-46BE-99C8-58740E4A12E1}.Debug|Any CPU.Build.0 = Debug|Any CPU
		{C3C95D26-598B-46BE-99C8-58740E4A12E1}.Debug|Mixed Platforms.ActiveCfg = Debug|Any CPU
		{C3C95D26-598B-46BE-99C8-58740E4A12E1}.Debug|Mixed Platforms.Build.0 = Debug|Any CPU
		{C3C95D26-598B-46BE-99C8-58740E4A12E1}.Debug|x86.ActiveCfg = Debug|Any CPU
		{C3C95D26-598B-46BE-99C8-58740E4A12E1}.Release|Any CPU.ActiveCfg = Release|Any CPU
		{C3C95D26-598B-46BE-99C8-58740E4A12E1}.Release|Any CPU.Build.0 = Release|Any CPU
		{C3C95D26-598B-46BE-99C8-58740E4A12E1}.Release|Mixed Platforms.ActiveCfg = Release|Any CPU
		{C3C95D26-598B-46BE-99C8-58740E4A12E1}.Release|Mixed Platforms.Build.0 = Release|Any CPU
		{C3C95D26-598B-46BE-99C8-58740E4A12E1}.Release|x86.ActiveCfg = Release|Any CPU
	EndGlobalSection
	GlobalSection(SolutionProperties) = preSolution
		HideSolutionNode = FALSE
	EndGlobalSection
EndGlobal
