
Microsoft Visual Studio Solution File, Format Version 12.00
# Visual Studio 2012
Project("{2150E333-8FDC-42A3-9474-1A3956D46DE8}") = "SAPINTDB", "SAPINTDB", "{D3FA4E6D-C21E-4010-9EA6-3ADDA06B6BEA}"
	ProjectSection(SolutionItems) = preProject
		SAPINTWCF\MvcApplication1\log4net.config = SAPINTWCF\MvcApplication1\log4net.config
	EndProjectSection
EndProject
Project("{FAE04EC0-301F-11D3-BF4B-00C04F79EFBC}") = "SAPINT.Gui", "SAPINTGUI\SAPINT.Gui.csproj", "{781633CD-6E7B-40F1-8FAC-2BBB11C9F623}"
EndProject
Project("{FAE04EC0-301F-11D3-BF4B-00C04F79EFBC}") = "SAPINT", "SAPINT\SAPINT.csproj", "{C3C95D26-598B-46BE-99C8-58740E4A12E1}"
EndProject
Project("{FAE04EC0-301F-11D3-BF4B-00C04F79EFBC}") = "SAPINTDB", "SAPINTDB\SAPINTDB.csproj", "{D5B7F62F-F5B0-48A0-9ABD-0B1F698DD44B}"
EndProject
Project("{FAE04EC0-301F-11D3-BF4B-00C04F79EFBC}") = "ConfigFileTool", "SAPINTCONFIG\ConfigFileTool.csproj", "{D1E3F270-7BCC-474F-B6B7-18F3031FF7E5}"
EndProject
Project("{FAE04EC0-301F-11D3-BF4B-00C04F79EFBC}") = "MiniServer", "SAPINTSERVER\MiniServer\MiniServer.csproj", "{1BCAE8C6-0B2F-4146-B21A-1C84CE13D2AF}"
EndProject
Project("{FAE04EC0-301F-11D3-BF4B-00C04F79EFBC}") = "SAPINTDBtest", "SAPINTDBtest\SAPINTDBtest.csproj", "{27A58C6D-A3BD-421D-A008-38EC727C5E3B}"
EndProject
Project("{2150E333-8FDC-42A3-9474-1A3956D46DE8}") = "Test", "Test", "{D7987ABC-1459-422C-BC98-1BB9667AF5A8}"
EndProject
Project("{2150E333-8FDC-42A3-9474-1A3956D46DE8}") = "web", "web", "{DC97CBF1-34E3-45EB-BDDD-49978EC0CDBD}"
EndProject
Project("{2150E333-8FDC-42A3-9474-1A3956D46DE8}") = "Office", "Office", "{DE531879-4C23-4050-B53D-5515349BEC5A}"
EndProject
Project("{FAE04EC0-301F-11D3-BF4B-00C04F79EFBC}") = "ExcelAddIn1", "SAPINTOFFICE\ExcelAddIn1\ExcelAddIn1.csproj", "{8C5ABBE5-6FC9-4F70-93EA-8C325D03F1E8}"
EndProject
Project("{FAE04EC0-301F-11D3-BF4B-00C04F79EFBC}") = "MiniSqlQuery", "MiniSqlQuery\MiniSqlQuery\MiniSqlQuery.csproj", "{688B1F9D-6A30-42AF-8A81-A179CF8E388C}"
EndProject
Project("{FAE04EC0-301F-11D3-BF4B-00C04F79EFBC}") = "MiniSqlQuery.Core", "MiniSqlQuery.Core\MiniSqlQuery.Core.csproj", "{47161D43-6D98-45BE-9B83-25CE3FFF4EAC}"
EndProject
Project("{FAE04EC0-301F-11D3-BF4B-00C04F79EFBC}") = "MvcApplication1", "SAPINTWEB\MvcApplication1\MvcApplication1.csproj", "{E1667E6B-AEAE-4A5E-97AE-AE129F720900}"
EndProject
Project("{FAE04EC0-301F-11D3-BF4B-00C04F79EFBC}") = "WcfServices", "SAPINTWEB\WcfServices\WcfServices.csproj", "{2D49722C-A716-4C62-99F0-B9F5080EFF87}"
EndProject
Project("{2150E333-8FDC-42A3-9474-1A3956D46DE8}") = "SapGuiScripting", "SapGuiScripting", "{E6FAA5E6-ECAF-4AD1-82F3-32F4EF7E0E5B}"
EndProject
Project("{FAE04EC0-301F-11D3-BF4B-00C04F79EFBC}") = "MvcApplication2", "MvcApplication2\MvcApplication2.csproj", "{519A54A6-A24A-4BE2-94CC-7EF52329D83B}"
EndProject
Global
	GlobalSection(SolutionConfigurationPlatforms) = preSolution
		Debug|Any CPU = Debug|Any CPU
		Debug|Mixed Platforms = Debug|Mixed Platforms
		Debug|x86 = Debug|x86
		Release - No Tests|Any CPU = Release - No Tests|Any CPU
		Release - No Tests|Mixed Platforms = Release - No Tests|Mixed Platforms
		Release - No Tests|x86 = Release - No Tests|x86
		Release|Any CPU = Release|Any CPU
		Release|Mixed Platforms = Release|Mixed Platforms
		Release|x86 = Release|x86
	EndGlobalSection
	GlobalSection(ProjectConfigurationPlatforms) = postSolution
		{781633CD-6E7B-40F1-8FAC-2BBB11C9F623}.Debug|Any CPU.ActiveCfg = Debug|x86
		{781633CD-6E7B-40F1-8FAC-2BBB11C9F623}.Debug|Any CPU.Build.0 = Debug|x86
		{781633CD-6E7B-40F1-8FAC-2BBB11C9F623}.Debug|Mixed Platforms.ActiveCfg = Debug|x86
		{781633CD-6E7B-40F1-8FAC-2BBB11C9F623}.Debug|x86.ActiveCfg = Debug|x86
		{781633CD-6E7B-40F1-8FAC-2BBB11C9F623}.Release - No Tests|Any CPU.ActiveCfg = Release|Any CPU
		{781633CD-6E7B-40F1-8FAC-2BBB11C9F623}.Release - No Tests|Any CPU.Build.0 = Release|Any CPU
		{781633CD-6E7B-40F1-8FAC-2BBB11C9F623}.Release - No Tests|Mixed Platforms.ActiveCfg = Release|x86
		{781633CD-6E7B-40F1-8FAC-2BBB11C9F623}.Release - No Tests|Mixed Platforms.Build.0 = Release|x86
		{781633CD-6E7B-40F1-8FAC-2BBB11C9F623}.Release - No Tests|x86.ActiveCfg = Release|x86
		{781633CD-6E7B-40F1-8FAC-2BBB11C9F623}.Release - No Tests|x86.Build.0 = Release|x86
		{781633CD-6E7B-40F1-8FAC-2BBB11C9F623}.Release|Any CPU.ActiveCfg = Release|x86
		{781633CD-6E7B-40F1-8FAC-2BBB11C9F623}.Release|Any CPU.Build.0 = Release|x86
		{781633CD-6E7B-40F1-8FAC-2BBB11C9F623}.Release|Mixed Platforms.ActiveCfg = Release|x86
		{781633CD-6E7B-40F1-8FAC-2BBB11C9F623}.Release|x86.ActiveCfg = Release|x86
		{C3C95D26-598B-46BE-99C8-58740E4A12E1}.Debug|Any CPU.ActiveCfg = Debug|x86
		{C3C95D26-598B-46BE-99C8-58740E4A12E1}.Debug|Any CPU.Build.0 = Debug|x86
		{C3C95D26-598B-46BE-99C8-58740E4A12E1}.Debug|Mixed Platforms.ActiveCfg = Debug|x86
		{C3C95D26-598B-46BE-99C8-58740E4A12E1}.Debug|x86.ActiveCfg = Debug|x86
		{C3C95D26-598B-46BE-99C8-58740E4A12E1}.Release - No Tests|Any CPU.ActiveCfg = Release|Any CPU
		{C3C95D26-598B-46BE-99C8-58740E4A12E1}.Release - No Tests|Any CPU.Build.0 = Release|Any CPU
		{C3C95D26-598B-46BE-99C8-58740E4A12E1}.Release - No Tests|Mixed Platforms.ActiveCfg = Release|x86
		{C3C95D26-598B-46BE-99C8-58740E4A12E1}.Release - No Tests|Mixed Platforms.Build.0 = Release|x86
		{C3C95D26-598B-46BE-99C8-58740E4A12E1}.Release - No Tests|x86.ActiveCfg = Release|x86
		{C3C95D26-598B-46BE-99C8-58740E4A12E1}.Release - No Tests|x86.Build.0 = Release|x86
		{C3C95D26-598B-46BE-99C8-58740E4A12E1}.Release|Any CPU.ActiveCfg = Release|x86
		{C3C95D26-598B-46BE-99C8-58740E4A12E1}.Release|Any CPU.Build.0 = Release|x86
		{C3C95D26-598B-46BE-99C8-58740E4A12E1}.Release|Mixed Platforms.ActiveCfg = Release|x86
		{C3C95D26-598B-46BE-99C8-58740E4A12E1}.Release|x86.ActiveCfg = Release|x86
		{D5B7F62F-F5B0-48A0-9ABD-0B1F698DD44B}.Debug|Any CPU.ActiveCfg = Debug|x86
		{D5B7F62F-F5B0-48A0-9ABD-0B1F698DD44B}.Debug|Any CPU.Build.0 = Debug|x86
		{D5B7F62F-F5B0-48A0-9ABD-0B1F698DD44B}.Debug|Mixed Platforms.ActiveCfg = Debug|x86
		{D5B7F62F-F5B0-48A0-9ABD-0B1F698DD44B}.Debug|x86.ActiveCfg = Debug|Any CPU
		{D5B7F62F-F5B0-48A0-9ABD-0B1F698DD44B}.Release - No Tests|Any CPU.ActiveCfg = Release|Any CPU
		{D5B7F62F-F5B0-48A0-9ABD-0B1F698DD44B}.Release - No Tests|Any CPU.Build.0 = Release|Any CPU
		{D5B7F62F-F5B0-48A0-9ABD-0B1F698DD44B}.Release - No Tests|Mixed Platforms.ActiveCfg = Release|x86
		{D5B7F62F-F5B0-48A0-9ABD-0B1F698DD44B}.Release - No Tests|Mixed Platforms.Build.0 = Release|x86
		{D5B7F62F-F5B0-48A0-9ABD-0B1F698DD44B}.Release - No Tests|x86.ActiveCfg = Release|x86
		{D5B7F62F-F5B0-48A0-9ABD-0B1F698DD44B}.Release - No Tests|x86.Build.0 = Release|x86
		{D5B7F62F-F5B0-48A0-9ABD-0B1F698DD44B}.Release|Any CPU.ActiveCfg = Release|x86
		{D5B7F62F-F5B0-48A0-9ABD-0B1F698DD44B}.Release|Any CPU.Build.0 = Release|x86
		{D5B7F62F-F5B0-48A0-9ABD-0B1F698DD44B}.Release|Mixed Platforms.ActiveCfg = Release|x86
		{D5B7F62F-F5B0-48A0-9ABD-0B1F698DD44B}.Release|x86.ActiveCfg = Release|Any CPU
		{D1E3F270-7BCC-474F-B6B7-18F3031FF7E5}.Debug|Any CPU.ActiveCfg = Debug|x86
		{D1E3F270-7BCC-474F-B6B7-18F3031FF7E5}.Debug|Any CPU.Build.0 = Debug|x86
		{D1E3F270-7BCC-474F-B6B7-18F3031FF7E5}.Debug|Mixed Platforms.ActiveCfg = Debug|x86
		{D1E3F270-7BCC-474F-B6B7-18F3031FF7E5}.Debug|x86.ActiveCfg = Debug|Any CPU
		{D1E3F270-7BCC-474F-B6B7-18F3031FF7E5}.Release - No Tests|Any CPU.ActiveCfg = Release|Any CPU
		{D1E3F270-7BCC-474F-B6B7-18F3031FF7E5}.Release - No Tests|Any CPU.Build.0 = Release|Any CPU
		{D1E3F270-7BCC-474F-B6B7-18F3031FF7E5}.Release - No Tests|Mixed Platforms.ActiveCfg = Release|x86
		{D1E3F270-7BCC-474F-B6B7-18F3031FF7E5}.Release - No Tests|Mixed Platforms.Build.0 = Release|x86
		{D1E3F270-7BCC-474F-B6B7-18F3031FF7E5}.Release - No Tests|x86.ActiveCfg = Release|x86
		{D1E3F270-7BCC-474F-B6B7-18F3031FF7E5}.Release - No Tests|x86.Build.0 = Release|x86
		{D1E3F270-7BCC-474F-B6B7-18F3031FF7E5}.Release|Any CPU.ActiveCfg = Release|x86
		{D1E3F270-7BCC-474F-B6B7-18F3031FF7E5}.Release|Any CPU.Build.0 = Release|x86
		{D1E3F270-7BCC-474F-B6B7-18F3031FF7E5}.Release|Mixed Platforms.ActiveCfg = Release|x86
		{D1E3F270-7BCC-474F-B6B7-18F3031FF7E5}.Release|x86.ActiveCfg = Release|Any CPU
		{1BCAE8C6-0B2F-4146-B21A-1C84CE13D2AF}.Debug|Any CPU.ActiveCfg = Debug|x86
		{1BCAE8C6-0B2F-4146-B21A-1C84CE13D2AF}.Debug|Any CPU.Build.0 = Debug|x86
		{1BCAE8C6-0B2F-4146-B21A-1C84CE13D2AF}.Debug|Mixed Platforms.ActiveCfg = Debug|x86
		{1BCAE8C6-0B2F-4146-B21A-1C84CE13D2AF}.Debug|x86.ActiveCfg = Debug|x86
		{1BCAE8C6-0B2F-4146-B21A-1C84CE13D2AF}.Release - No Tests|Any CPU.ActiveCfg = Release|Any CPU
		{1BCAE8C6-0B2F-4146-B21A-1C84CE13D2AF}.Release - No Tests|Any CPU.Build.0 = Release|Any CPU
		{1BCAE8C6-0B2F-4146-B21A-1C84CE13D2AF}.Release - No Tests|Mixed Platforms.ActiveCfg = Release|x86
		{1BCAE8C6-0B2F-4146-B21A-1C84CE13D2AF}.Release - No Tests|Mixed Platforms.Build.0 = Release|x86
		{1BCAE8C6-0B2F-4146-B21A-1C84CE13D2AF}.Release - No Tests|x86.ActiveCfg = Release|x86
		{1BCAE8C6-0B2F-4146-B21A-1C84CE13D2AF}.Release - No Tests|x86.Build.0 = Release|x86
		{1BCAE8C6-0B2F-4146-B21A-1C84CE13D2AF}.Release|Any CPU.ActiveCfg = Release|x86
		{1BCAE8C6-0B2F-4146-B21A-1C84CE13D2AF}.Release|Any CPU.Build.0 = Release|x86
		{1BCAE8C6-0B2F-4146-B21A-1C84CE13D2AF}.Release|Mixed Platforms.ActiveCfg = Release|x86
		{1BCAE8C6-0B2F-4146-B21A-1C84CE13D2AF}.Release|x86.ActiveCfg = Release|x86
		{27A58C6D-A3BD-421D-A008-38EC727C5E3B}.Debug|Any CPU.ActiveCfg = Debug|Any CPU
		{27A58C6D-A3BD-421D-A008-38EC727C5E3B}.Debug|Any CPU.Build.0 = Debug|Any CPU
		{27A58C6D-A3BD-421D-A008-38EC727C5E3B}.Debug|Mixed Platforms.ActiveCfg = Debug|Any CPU
		{27A58C6D-A3BD-421D-A008-38EC727C5E3B}.Debug|x86.ActiveCfg = Debug|Any CPU
		{27A58C6D-A3BD-421D-A008-38EC727C5E3B}.Release - No Tests|Any CPU.ActiveCfg = Release|Any CPU
		{27A58C6D-A3BD-421D-A008-38EC727C5E3B}.Release - No Tests|Any CPU.Build.0 = Release|Any CPU
		{27A58C6D-A3BD-421D-A008-38EC727C5E3B}.Release - No Tests|Mixed Platforms.ActiveCfg = Release|Any CPU
		{27A58C6D-A3BD-421D-A008-38EC727C5E3B}.Release - No Tests|Mixed Platforms.Build.0 = Release|Any CPU
		{27A58C6D-A3BD-421D-A008-38EC727C5E3B}.Release - No Tests|x86.ActiveCfg = Release|Any CPU
		{27A58C6D-A3BD-421D-A008-38EC727C5E3B}.Release|Any CPU.ActiveCfg = Release|Any CPU
		{27A58C6D-A3BD-421D-A008-38EC727C5E3B}.Release|Any CPU.Build.0 = Release|Any CPU
		{27A58C6D-A3BD-421D-A008-38EC727C5E3B}.Release|Mixed Platforms.ActiveCfg = Release|Any CPU
		{27A58C6D-A3BD-421D-A008-38EC727C5E3B}.Release|Mixed Platforms.Build.0 = Release|Any CPU
		{27A58C6D-A3BD-421D-A008-38EC727C5E3B}.Release|x86.ActiveCfg = Release|Any CPU
		{8C5ABBE5-6FC9-4F70-93EA-8C325D03F1E8}.Debug|Any CPU.ActiveCfg = Debug|Any CPU
		{8C5ABBE5-6FC9-4F70-93EA-8C325D03F1E8}.Debug|Any CPU.Build.0 = Debug|Any CPU
		{8C5ABBE5-6FC9-4F70-93EA-8C325D03F1E8}.Debug|Mixed Platforms.ActiveCfg = Debug|Any CPU
		{8C5ABBE5-6FC9-4F70-93EA-8C325D03F1E8}.Debug|Mixed Platforms.Build.0 = Debug|Any CPU
		{8C5ABBE5-6FC9-4F70-93EA-8C325D03F1E8}.Debug|x86.ActiveCfg = Debug|Any CPU
		{8C5ABBE5-6FC9-4F70-93EA-8C325D03F1E8}.Release - No Tests|Any CPU.ActiveCfg = Release|Any CPU
		{8C5ABBE5-6FC9-4F70-93EA-8C325D03F1E8}.Release - No Tests|Any CPU.Build.0 = Release|Any CPU
		{8C5ABBE5-6FC9-4F70-93EA-8C325D03F1E8}.Release - No Tests|Mixed Platforms.ActiveCfg = Release|Any CPU
		{8C5ABBE5-6FC9-4F70-93EA-8C325D03F1E8}.Release - No Tests|Mixed Platforms.Build.0 = Release|Any CPU
		{8C5ABBE5-6FC9-4F70-93EA-8C325D03F1E8}.Release - No Tests|x86.ActiveCfg = Release|Any CPU
		{8C5ABBE5-6FC9-4F70-93EA-8C325D03F1E8}.Release|Any CPU.ActiveCfg = Release|Any CPU
		{8C5ABBE5-6FC9-4F70-93EA-8C325D03F1E8}.Release|Any CPU.Build.0 = Release|Any CPU
		{8C5ABBE5-6FC9-4F70-93EA-8C325D03F1E8}.Release|Mixed Platforms.ActiveCfg = Release|Any CPU
		{8C5ABBE5-6FC9-4F70-93EA-8C325D03F1E8}.Release|Mixed Platforms.Build.0 = Release|Any CPU
		{8C5ABBE5-6FC9-4F70-93EA-8C325D03F1E8}.Release|x86.ActiveCfg = Release|Any CPU
		{688B1F9D-6A30-42AF-8A81-A179CF8E388C}.Debug|Any CPU.ActiveCfg = Debug|Any CPU
		{688B1F9D-6A30-42AF-8A81-A179CF8E388C}.Debug|Any CPU.Build.0 = Debug|Any CPU
		{688B1F9D-6A30-42AF-8A81-A179CF8E388C}.Debug|Mixed Platforms.ActiveCfg = Debug|Any CPU
		{688B1F9D-6A30-42AF-8A81-A179CF8E388C}.Debug|Mixed Platforms.Build.0 = Debug|Any CPU
		{688B1F9D-6A30-42AF-8A81-A179CF8E388C}.Debug|x86.ActiveCfg = Debug|Any CPU
		{688B1F9D-6A30-42AF-8A81-A179CF8E388C}.Release - No Tests|Any CPU.ActiveCfg = Release|Any CPU
		{688B1F9D-6A30-42AF-8A81-A179CF8E388C}.Release - No Tests|Any CPU.Build.0 = Release|Any CPU
		{688B1F9D-6A30-42AF-8A81-A179CF8E388C}.Release - No Tests|Mixed Platforms.ActiveCfg = Release|Any CPU
		{688B1F9D-6A30-42AF-8A81-A179CF8E388C}.Release - No Tests|Mixed Platforms.Build.0 = Release|Any CPU
		{688B1F9D-6A30-42AF-8A81-A179CF8E388C}.Release - No Tests|x86.ActiveCfg = Release|Any CPU
		{688B1F9D-6A30-42AF-8A81-A179CF8E388C}.Release|Any CPU.ActiveCfg = Release|Any CPU
		{688B1F9D-6A30-42AF-8A81-A179CF8E388C}.Release|Any CPU.Build.0 = Release|Any CPU
		{688B1F9D-6A30-42AF-8A81-A179CF8E388C}.Release|Mixed Platforms.ActiveCfg = Release|Any CPU
		{688B1F9D-6A30-42AF-8A81-A179CF8E388C}.Release|Mixed Platforms.Build.0 = Release|Any CPU
		{688B1F9D-6A30-42AF-8A81-A179CF8E388C}.Release|x86.ActiveCfg = Release|Any CPU
		{47161D43-6D98-45BE-9B83-25CE3FFF4EAC}.Debug|Any CPU.ActiveCfg = Debug|Any CPU
		{47161D43-6D98-45BE-9B83-25CE3FFF4EAC}.Debug|Any CPU.Build.0 = Debug|Any CPU
		{47161D43-6D98-45BE-9B83-25CE3FFF4EAC}.Debug|Mixed Platforms.ActiveCfg = Debug|Any CPU
		{47161D43-6D98-45BE-9B83-25CE3FFF4EAC}.Debug|Mixed Platforms.Build.0 = Debug|Any CPU
		{47161D43-6D98-45BE-9B83-25CE3FFF4EAC}.Debug|x86.ActiveCfg = Debug|Any CPU
		{47161D43-6D98-45BE-9B83-25CE3FFF4EAC}.Release - No Tests|Any CPU.ActiveCfg = Release|Any CPU
		{47161D43-6D98-45BE-9B83-25CE3FFF4EAC}.Release - No Tests|Any CPU.Build.0 = Release|Any CPU
		{47161D43-6D98-45BE-9B83-25CE3FFF4EAC}.Release - No Tests|Mixed Platforms.ActiveCfg = Release|Any CPU
		{47161D43-6D98-45BE-9B83-25CE3FFF4EAC}.Release - No Tests|Mixed Platforms.Build.0 = Release|Any CPU
		{47161D43-6D98-45BE-9B83-25CE3FFF4EAC}.Release - No Tests|x86.ActiveCfg = Release|Any CPU
		{47161D43-6D98-45BE-9B83-25CE3FFF4EAC}.Release|Any CPU.ActiveCfg = Release|Any CPU
		{47161D43-6D98-45BE-9B83-25CE3FFF4EAC}.Release|Any CPU.Build.0 = Release|Any CPU
		{47161D43-6D98-45BE-9B83-25CE3FFF4EAC}.Release|Mixed Platforms.ActiveCfg = Release|Any CPU
		{47161D43-6D98-45BE-9B83-25CE3FFF4EAC}.Release|Mixed Platforms.Build.0 = Release|Any CPU
		{47161D43-6D98-45BE-9B83-25CE3FFF4EAC}.Release|x86.ActiveCfg = Release|Any CPU
		{E1667E6B-AEAE-4A5E-97AE-AE129F720900}.Debug|Any CPU.ActiveCfg = Debug|Any CPU
		{E1667E6B-AEAE-4A5E-97AE-AE129F720900}.Debug|Any CPU.Build.0 = Debug|Any CPU
		{E1667E6B-AEAE-4A5E-97AE-AE129F720900}.Debug|Mixed Platforms.ActiveCfg = Debug|Any CPU
		{E1667E6B-AEAE-4A5E-97AE-AE129F720900}.Debug|Mixed Platforms.Build.0 = Debug|Any CPU
		{E1667E6B-AEAE-4A5E-97AE-AE129F720900}.Debug|x86.ActiveCfg = Debug|Any CPU
		{E1667E6B-AEAE-4A5E-97AE-AE129F720900}.Release - No Tests|Any CPU.ActiveCfg = Release|Any CPU
		{E1667E6B-AEAE-4A5E-97AE-AE129F720900}.Release - No Tests|Any CPU.Build.0 = Release|Any CPU
		{E1667E6B-AEAE-4A5E-97AE-AE129F720900}.Release - No Tests|Mixed Platforms.ActiveCfg = Release|Any CPU
		{E1667E6B-AEAE-4A5E-97AE-AE129F720900}.Release - No Tests|Mixed Platforms.Build.0 = Release|Any CPU
		{E1667E6B-AEAE-4A5E-97AE-AE129F720900}.Release - No Tests|x86.ActiveCfg = Release|Any CPU
		{E1667E6B-AEAE-4A5E-97AE-AE129F720900}.Release|Any CPU.ActiveCfg = Release|Any CPU
		{E1667E6B-AEAE-4A5E-97AE-AE129F720900}.Release|Any CPU.Build.0 = Release|Any CPU
		{E1667E6B-AEAE-4A5E-97AE-AE129F720900}.Release|Mixed Platforms.ActiveCfg = Release|Any CPU
		{E1667E6B-AEAE-4A5E-97AE-AE129F720900}.Release|Mixed Platforms.Build.0 = Release|Any CPU
		{E1667E6B-AEAE-4A5E-97AE-AE129F720900}.Release|x86.ActiveCfg = Release|Any CPU
		{2D49722C-A716-4C62-99F0-B9F5080EFF87}.Debug|Any CPU.ActiveCfg = Debug|Any CPU
		{2D49722C-A716-4C62-99F0-B9F5080EFF87}.Debug|Any CPU.Build.0 = Debug|Any CPU
		{2D49722C-A716-4C62-99F0-B9F5080EFF87}.Debug|Mixed Platforms.ActiveCfg = Debug|Any CPU
		{2D49722C-A716-4C62-99F0-B9F5080EFF87}.Debug|Mixed Platforms.Build.0 = Debug|Any CPU
		{2D49722C-A716-4C62-99F0-B9F5080EFF87}.Debug|x86.ActiveCfg = Debug|Any CPU
		{2D49722C-A716-4C62-99F0-B9F5080EFF87}.Release - No Tests|Any CPU.ActiveCfg = Release|Any CPU
		{2D49722C-A716-4C62-99F0-B9F5080EFF87}.Release - No Tests|Any CPU.Build.0 = Release|Any CPU
		{2D49722C-A716-4C62-99F0-B9F5080EFF87}.Release - No Tests|Mixed Platforms.ActiveCfg = Release|Any CPU
		{2D49722C-A716-4C62-99F0-B9F5080EFF87}.Release - No Tests|Mixed Platforms.Build.0 = Release|Any CPU
		{2D49722C-A716-4C62-99F0-B9F5080EFF87}.Release - No Tests|x86.ActiveCfg = Release|Any CPU
		{2D49722C-A716-4C62-99F0-B9F5080EFF87}.Release|Any CPU.ActiveCfg = Release|Any CPU
		{2D49722C-A716-4C62-99F0-B9F5080EFF87}.Release|Any CPU.Build.0 = Release|Any CPU
		{2D49722C-A716-4C62-99F0-B9F5080EFF87}.Release|Mixed Platforms.ActiveCfg = Release|Any CPU
		{2D49722C-A716-4C62-99F0-B9F5080EFF87}.Release|Mixed Platforms.Build.0 = Release|Any CPU
		{2D49722C-A716-4C62-99F0-B9F5080EFF87}.Release|x86.ActiveCfg = Release|Any CPU
		{519A54A6-A24A-4BE2-94CC-7EF52329D83B}.Debug|Any CPU.ActiveCfg = Debug|Any CPU
		{519A54A6-A24A-4BE2-94CC-7EF52329D83B}.Debug|Any CPU.Build.0 = Debug|Any CPU
		{519A54A6-A24A-4BE2-94CC-7EF52329D83B}.Debug|Mixed Platforms.ActiveCfg = Debug|Any CPU
		{519A54A6-A24A-4BE2-94CC-7EF52329D83B}.Debug|Mixed Platforms.Build.0 = Debug|Any CPU
		{519A54A6-A24A-4BE2-94CC-7EF52329D83B}.Debug|x86.ActiveCfg = Debug|Any CPU
		{519A54A6-A24A-4BE2-94CC-7EF52329D83B}.Release - No Tests|Any CPU.ActiveCfg = Release|Any CPU
		{519A54A6-A24A-4BE2-94CC-7EF52329D83B}.Release - No Tests|Any CPU.Build.0 = Release|Any CPU
		{519A54A6-A24A-4BE2-94CC-7EF52329D83B}.Release - No Tests|Mixed Platforms.ActiveCfg = Release|Any CPU
		{519A54A6-A24A-4BE2-94CC-7EF52329D83B}.Release - No Tests|Mixed Platforms.Build.0 = Release|Any CPU
		{519A54A6-A24A-4BE2-94CC-7EF52329D83B}.Release - No Tests|x86.ActiveCfg = Release|Any CPU
		{519A54A6-A24A-4BE2-94CC-7EF52329D83B}.Release|Any CPU.ActiveCfg = Release|Any CPU
		{519A54A6-A24A-4BE2-94CC-7EF52329D83B}.Release|Any CPU.Build.0 = Release|Any CPU
		{519A54A6-A24A-4BE2-94CC-7EF52329D83B}.Release|Mixed Platforms.ActiveCfg = Release|Any CPU
		{519A54A6-A24A-4BE2-94CC-7EF52329D83B}.Release|Mixed Platforms.Build.0 = Release|Any CPU
		{519A54A6-A24A-4BE2-94CC-7EF52329D83B}.Release|x86.ActiveCfg = Release|Any CPU
	EndGlobalSection
	GlobalSection(SolutionProperties) = preSolution
		HideSolutionNode = FALSE
	EndGlobalSection
	GlobalSection(NestedProjects) = preSolution
		{D5B7F62F-F5B0-48A0-9ABD-0B1F698DD44B} = {D3FA4E6D-C21E-4010-9EA6-3ADDA06B6BEA}
		{27A58C6D-A3BD-421D-A008-38EC727C5E3B} = {D7987ABC-1459-422C-BC98-1BB9667AF5A8}
		{E1667E6B-AEAE-4A5E-97AE-AE129F720900} = {DC97CBF1-34E3-45EB-BDDD-49978EC0CDBD}
		{2D49722C-A716-4C62-99F0-B9F5080EFF87} = {DC97CBF1-34E3-45EB-BDDD-49978EC0CDBD}
		{519A54A6-A24A-4BE2-94CC-7EF52329D83B} = {DC97CBF1-34E3-45EB-BDDD-49978EC0CDBD}
		{8C5ABBE5-6FC9-4F70-93EA-8C325D03F1E8} = {DE531879-4C23-4050-B53D-5515349BEC5A}
	EndGlobalSection
EndGlobal
